// !$*UTF8*$!
{
	archiveVersion = 1;
	classes = {
	};
	objectVersion = 50;
	objects = {

/* Begin PBXBuildFile section */
		89DD31E420EDF9D600317D90 /* AppDelegate.swift in Sources */ = {isa = PBXBuildFile; fileRef = 89DD31E320EDF9D600317D90 /* AppDelegate.swift */; };
		89DD31E620EDF9D600317D90 /* ViewController.swift in Sources */ = {isa = PBXBuildFile; fileRef = 89DD31E520EDF9D600317D90 /* ViewController.swift */; };
		89DD31E920EDF9D600317D90 /* Main.storyboard in Resources */ = {isa = PBXBuildFile; fileRef = 89DD31E720EDF9D600317D90 /* Main.storyboard */; };
		89DD31EB20EDF9D600317D90 /* Assets.xcassets in Resources */ = {isa = PBXBuildFile; fileRef = 89DD31EA20EDF9D600317D90 /* Assets.xcassets */; };
		89DD31EE20EDF9D600317D90 /* LaunchScreen.storyboard in Resources */ = {isa = PBXBuildFile; fileRef = 89DD31EC20EDF9D600317D90 /* LaunchScreen.storyboard */; };
/* End PBXBuildFile section */

/* Begin PBXFileReference section */
		89DD31E020EDF9D600317D90 /* ImageConstraintsLandscapePortrait.app */ = {isa = PBXFileReference; explicitFileType = wrapper.application; includeInIndex = 0; path = ImageConstraintsLandscapePortrait.app; sourceTree = BUILT_PRODUCTS_DIR; };
		89DD31E320EDF9D600317D90 /* AppDelegate.swift */ = {isa = PBXFileReference; lastKnownFileType = sourcecode.swift; path = AppDelegate.swift; sourceTree = "<group>"; };
		89DD31E520EDF9D600317D90 /* ViewController.swift */ = {isa = PBXFileReference; lastKnownFileType = sourcecode.swift; path = ViewController.swift; sourceTree = "<group>"; };
		89DD31E820EDF9D600317D90 /* Base */ = {isa = PBXFileReference; lastKnownFileType = file.storyboard; name = Base; path = Base.lproj/Main.storyboard; sourceTree = "<group>"; };
		89DD31EA20EDF9D600317D90 /* Assets.xcassets */ = {isa = PBXFileReference; lastKnownFileType = folder.assetcatalog; path = Assets.xcassets; sourceTree = "<group>"; };
		89DD31ED20EDF9D600317D90 /* Base */ = {isa = PBXFileReference; lastKnownFileType = file.storyboard; name = Base; path = Base.lproj/LaunchScreen.storyboard; sourceTree = "<group>"; };
		89DD31EF20EDF9D600317D90 /* Info.plist */ = {isa = PBXFileReference; lastKnownFileType = text.plist.xml; path = Info.plist; sourceTree = "<group>"; };
/* End PBXFileReference section */

/* Begin PBXFrameworksBuildPhase section */
		89DD31DD20EDF9D600317D90 /* Frameworks */ = {
			isa = PBXFrameworksBuildPhase;
			buildActionMask = 2147483647;
			files = (
			);
			runOnlyForDeploymentPostprocessing = 0;
		};
/* End PBXFrameworksBuildPhase section */

/* Begin PBXGroup section */
		89DD31D720EDF9D600317D90 = {
			isa = PBXGroup;
			children = (
				89DD31E220EDF9D600317D90 /* ImageConstraintsLandscapePortrait */,
				89DD31E120EDF9D600317D90 /* Products */,
			);
			sourceTree = "<group>";
		};
		89DD31E120EDF9D600317D90 /* Products */ = {
			isa = PBXGroup;
			children = (
				89DD31E020EDF9D600317D90 /* ImageConstraintsLandscapePortrait.app */,
			);
			name = Products;
			sourceTree = "<group>";
		};
		89DD31E220EDF9D600317D90 /* ImageConstraintsLandscapePortrait */ = {
			isa = PBXGroup;
			children = (
				89DD31E320EDF9D600317D90 /* AppDelegate.swift */,
				89DD31E520EDF9D600317D90 /* ViewController.swift */,
				89DD31E720EDF9D600317D90 /* Main.storyboard */,
				89DD31EA20EDF9D600317D90 /* Assets.xcassets */,
				89DD31EC20EDF9D600317D90 /* LaunchScreen.storyboard */,
				89DD31EF20EDF9D600317D90 /* Info.plist */,
			);
			path = ImageConstraintsLandscapePortrait;
			sourceTree = "<group>";
		};
/* End PBXGroup section */

/* Begin PBXNativeTarget section */
		89DD31DF20EDF9D600317D90 /* ImageConstraintsLandscapePortrait */ = {
			isa = PBXNativeTarget;
			buildConfigurationList = 89DD31F220EDF9D600317D90 /* Build configuration list for PBXNativeTarget "ImageConstraintsLandscapePortrait" */;
			buildPhases = (
				89DD31DC20EDF9D600317D90 /* Sources */,
				89DD31DD20EDF9D600317D90 /* Frameworks */,
				89DD31DE20EDF9D600317D90 /* Resources */,
			);
			buildRules = (
			);
			dependencies = (
			);
			name = ImageConstraintsLandscapePortrait;
			productName = ImageConstraintsLandscapePortrait;
			productReference = 89DD31E020EDF9D600317D90 /* ImageConstraintsLandscapePortrait.app */;
			productType = "com.apple.product-type.application";
		};
/* End PBXNativeTarget section */

/* Begin PBXProject section */
		89DD31D820EDF9D600317D90 /* Project object */ = {
			isa = PBXProject;
			attributes = {
				LastSwiftUpdateCheck = 0940;
				LastUpgradeCheck = 0940;
				ORGANIZATIONNAME = DutchVirtual;
				TargetAttributes = {
					89DD31DF20EDF9D600317D90 = {
						CreatedOnToolsVersion = 9.4.1;
					};
				};
			};
			buildConfigurationList = 89DD31DB20EDF9D600317D90 /* Build configuration list for PBXProject "ImageConstraintsLandscapePortrait" */;
			compatibilityVersion = "Xcode 9.3";
			developmentRegion = en;
			hasScannedForEncodings = 0;
			knownRegions = (
				en,
				Base,
			);
			mainGroup = 89DD31D720EDF9D600317D90;
			productRefGroup = 89DD31E120EDF9D600317D90 /* Products */;
			projectDirPath = "";
			projectRoot = "";
			targets = (
				89DD31DF20EDF9D600317D90 /* ImageConstraintsLandscapePortrait */,
			);
		};
/* End PBXProject section */

/* Begin PBXResourcesBuildPhase section */
		89DD31DE20EDF9D600317D90 /* Resources */ = {
			isa = PBXResourcesBuildPhase;
			buildActionMask = 2147483647;
			files = (
				89DD31EE20EDF9D600317D90 /* LaunchScreen.storyboard in Resources */,
				89DD31EB20EDF9D600317D90 /* Assets.xcassets in Resources */,
				89DD31E920EDF9D600317D90 /* Main.storyboard in Resources */,
			);
			runOnlyForDeploymentPostprocessing = 0;
		};
/* End PBXResourcesBuildPhase section */

/* Begin PBXSourcesBuildPhase section */
		89DD31DC20EDF9D600317D90 /* Sources */ = {
			isa = PBXSourcesBuildPhase;
			buildActionMask = 2147483647;
			files = (
				89DD31E620EDF9D600317D90 /* ViewController.swift in Sources */,
				89DD31E420EDF9D600317D90 /* AppDelegate.swift in Sources */,
			);
			runOnlyForDeploymentPostprocessing = 0;
		};
/* End PBXSourcesBuildPhase section */

/* Begin PBXVariantGroup section */
		89DD31E720EDF9D600317D90 /* Main.storyboard */ = {
			isa = PBXVariantGroup;
			children = (
				89DD31E820EDF9D600317D90 /* Base */,
			);
			name = Main.storyboard;
			sourceTree = "<group>";
		};
		89DD31EC20EDF9D600317D90 /* LaunchScreen.storyboard */ = {
			isa = PBXVariantGroup;
			children = (
				89DD31ED20EDF9D600317D90 /* Base */,
			);
			name = LaunchScreen.storyboard;
			sourceTree = "<group>";
		};
/* End PBXVariantGroup section */

/* Begin XCBuildConfiguration section */
		89DD31F020EDF9D600317D90 /* Debug */ = {
			isa = XCBuildConfiguration;
			buildSettings = {
				ALWAYS_SEARCH_USER_PATHS = NO;
				CLANG_ANALYZER_NONNULL = YES;
				CLANG_ANALYZER_NUMBER_OBJECT_CONVERSION = YES_AGGRESSIVE;
				CLANG_CXX_LANGUAGE_STANDARD = "gnu++14";
				CLANG_CXX_LIBRARY = "libc++";
				CLANG_ENABLE_MODULES = YES;
				CLANG_ENABLE_OBJC_ARC = YES;
				CLANG_ENABLE_OBJC_WEAK = YES;
				CLANG_WARN_BLOCK_CAPTURE_AUTORELEASING = YES;
				CLANG_WARN_BOOL_CONVERSION = YES;
				CLANG_WARN_COMMA = YES;
				CLANG_WARN_CONSTANT_CONVERSION = YES;
				CLANG_WARN_DEPRECATED_OBJC_IMPLEMENTATIONS = YES;
				CLANG_WARN_DIRECT_OBJC_ISA_USAGE = YES_ERROR;
				CLANG_WARN_DOCUMENTATION_COMMENTS = YES;
				CLANG_WARN_EMPTY_BODY = YES;
				CLANG_WARN_ENUM_CONVERSION = YES;
				CLANG_WARN_INFINITE_RECURSION = YES;
				CLANG_WARN_INT_CONVERSION = YES;
				CLANG_WARN_NON_LITERAL_NULL_CONVERSION = YES;
				CLANG_WARN_OBJC_IMPLICIT_RETAIN_SELF = YES;
				CLANG_WARN_OBJC_LITERAL_CONVERSION = YES;
				CLANG_WARN_OBJC_ROOT_CLASS = YES_ERROR;
				CLANG_WARN_RANGE_LOOP_ANALYSIS = YES;
				CLANG_WARN_STRICT_PROTOTYPES = YES;
				CLANG_WARN_SUSPICIOUS_MOVE = YES;
				CLANG_WARN_UNGUARDED_AVAILABILITY = YES_AGGRESSIVE;
				CLANG_WARN_UNREACHABLE_CODE = YES;
				CLANG_WARN__DUPLICATE_METHOD_MATCH = YES;
				CODE_SIGN_IDENTITY = "iPhone Developer";
				COPY_PHASE_STRIP = NO;
				DEBUG_INFORMATION_FORMAT = dwarf;
				ENABLE_STRICT_OBJC_MSGSEND = YES;
				ENABLE_TESTABILITY = YES;
				GCC_C_LANGUAGE_STANDARD = gnu11;
				GCC_DYNAMIC_NO_PIC = NO;
				GCC_NO_COMMON_BLOCKS = YES;
				GCC_OPTIMIZATION_LEVEL = 0;
				GCC_PREPROCESSOR_DEFINITIONS = (
					"DEBUG=1",
					"$(inherited)",
				);
				GCC_WARN_64_TO_32_BIT_CONVERSION = YES;
				GCC_WARN_ABOUT_RETURN_TYPE = YES_ERROR;
				GCC_WARN_UNDECLARED_SELECTOR = YES;
				GCC_WARN_UNINITIALIZED_AUTOS = YES_AGGRESSIVE;
				GCC_WARN_UNUSED_FUNCTION = YES;
				GCC_WARN_UNUSED_VARIABLE = YES;
				IPHONEOS_DEPLOYMENT_TARGET = 11.4;
				MTL_ENABLE_DEBUG_INFO = YES;
				ONLY_ACTIVE_ARCH = YES;
				SDKROOT = iphoneos;
				SWIFT_ACTIVE_COMPILATION_CONDITIONS = DEBUG;
				SWIFT_OPTIMIZATION_LEVEL = "-Onone";
			};
			name = Debug;
		};
		89DD31F120EDF9D600317D90 /* Release */ = {
			isa = XCBuildConfiguration;
			buildSettings = {
				ALWAYS_SEARCH_USER_PATHS = NO;
				CLANG_ANALYZER_NONNULL = YES;
				CLANG_ANALYZER_NUMBER_OBJECT_CONVERSION = YES_AGGRESSIVE;
				CLANG_CXX_LANGUAGE_STANDARD = "gnu++14";
				CLANG_CXX_LIBRARY = "libc++";
				CLANG_ENABLE_MODULES = YES;
				CLANG_ENABLE_OBJC_ARC = YES;
				CLANG_ENABLE_OBJC_WEAK = YES;
				CLANG_WARN_BLOCK_CAPTURE_AUTORELEASING = YES;
				CLANG_WARN_BOOL_CONVERSION = YES;
				CLANG_WARN_COMMA = YES;
				CLANG_WARN_CONSTANT_CONVERSION = YES;
				CLANG_WARN_DEPRECATED_OBJC_IMPLEMENTATIONS = YES;
				CLANG_WARN_DIRECT_OBJC_ISA_USAGE = YES_ERROR;
				CLANG_WARN_DOCUMENTATION_COMMENTS = YES;
				CLANG_WARN_EMPTY_BODY = YES;
				CLANG_WARN_ENUM_CONVERSION = YES;
				CLANG_WARN_INFINITE_RECURSION = YES;
				CLANG_WARN_INT_CONVERSION = YES;
				CLANG_WARN_NON_LITERAL_NULL_CONVERSION = YES;
				CLANG_WARN_OBJC_IMPLICIT_RETAIN_SELF = YES;
				CLANG_WARN_OBJC_LITERAL_CONVERSION = YES;
				CLANG_WARN_OBJC_ROOT_CLASS = YES_ERROR;
				CLANG_WARN_RANGE_LOOP_ANALYSIS = YES;
				CLANG_WARN_STRICT_PROTOTYPES = YES;
				CLANG_WARN_SUSPICIOUS_MOVE = YES;
				CLANG_WARN_UNGUARDED_AVAILABILITY = YES_AGGRESSIVE;
				CLANG_WARN_UNREACHABLE_CODE = YES;
				CLANG_WARN__DUPLICATE_METHOD_MATCH = YES;
				CODE_SIGN_IDENTITY = "iPhone Developer";
				COPY_PHASE_STRIP = NO;
				DEBUG_INFORMATION_FORMAT = "dwarf-with-dsym";
				ENABLE_NS_ASSERTIONS = NO;
				ENABLE_STRICT_OBJC_MSGSEND = YES;
				GCC_C_LANGUAGE_STANDARD = gnu11;
				GCC_NO_COMMON_BLOCKS = YES;
				GCC_WARN_64_TO_32_BIT_CONVERSION = YES;
				GCC_WARN_ABOUT_RETURN_TYPE = YES_ERROR;
				GCC_WARN_UNDECLARED_SELECTOR = YES;
				GCC_WARN_UNINITIALIZED_AUTOS = YES_AGGRESSIVE;
				GCC_WARN_UNUSED_FUNCTION = YES;
				GCC_WARN_UNUSED_VARIABLE = YES;
				IPHONEOS_DEPLOYMENT_TARGET = 11.4;
				MTL_ENABLE_DEBUG_INFO = NO;
				SDKROOT = iphoneos;
				SWIFT_COMPILATION_MODE = wholemodule;
				SWIFT_OPTIMIZATION_LEVEL = "-O";
				VALIDATE_PRODUCT = YES;
			};
			name = Release;
		};
		89DD31F320EDF9D600317D90 /* Debug */ = {
			isa = XCBuildConfiguration;
			buildSettings = {
				ASSETCATALOG_COMPILER_APPICON_NAME = AppIcon;
				CODE_SIGN_STYLE = Automatic;
				DEVELOPMENT_TEAM = MH8GQLL8BR;
				INFOPLIST_FILE = ImageConstraintsLandscapePortrait/Info.plist;
				LD_RUNPATH_SEARCH_PATHS = (
					"$(inherited)",
					"@executable_path/Frameworks",
				);
				PRODUCT_BUNDLE_IDENTIFIER = nl.dutchvirtual.ImageConstraintsLandscapePortrait;
				PRODUCT_NAME = "$(TARGET_NAME)";
				SWIFT_VERSION = 4.0;
				TARGETED_DEVICE_FAMILY = "1,2";
			};
			name = Debug;
		};
		89DD31F420EDF9D600317D90 /* Release */ = {
			isa = XCBuildConfiguration;
			buildSettings = {
				ASSETCATALOG_COMPILER_APPICON_NAME = AppIcon;
				CODE_SIGN_STYLE = Automatic;
				DEVELOPMENT_TEAM = MH8GQLL8BR;
				INFOPLIST_FILE = ImageConstraintsLandscapePortrait/Info.plist;
				LD_RUNPATH_SEARCH_PATHS = (
					"$(inherited)",
					"@executable_path/Frameworks",
				);
				PRODUCT_BUNDLE_IDENTIFIER = nl.dutchvirtual.ImageConstraintsLandscapePortrait;
				PRODUCT_NAME = "$(TARGET_NAME)";
				SWIFT_VERSION = 4.0;
				TARGETED_DEVICE_FAMILY = "1,2";
			};
			name = Release;
		};
/* End XCBuildConfiguration section */

/* Begin XCConfigurationList section */
		89DD31DB20EDF9D600317D90 /* Build configuration list for PBXProject "ImageConstraintsLandscapePortrait" */ = {
			isa = XCConfigurationList;
			buildConfigurations = (
				89DD31F020EDF9D600317D90 /* Debug */,
				89DD31F120EDF9D600317D90 /* Release */,
			);
			defaultConfigurationIsVisible = 0;
			defaultConfigurationName = Release;
		};
		89DD31F220EDF9D600317D90 /* Build configuration list for PBXNativeTarget "ImageConstraintsLandscapePortrait" */ = {
			isa = XCConfigurationList;
			buildConfigurations = (
				89DD31F320EDF9D600317D90 /* Debug */,
				89DD31F420EDF9D600317D90 /* Release */,
			);
			defaultConfigurationIsVisible = 0;
			defaultConfigurationName = Release;
		};
/* End XCConfigurationList section */
	};
	rootObject = 89DD31D820EDF9D600317D90 /* Project object */;
}
